// !$*UTF8*$!
{
	archiveVersion = 1;
	classes = {
	};
	objectVersion = 46;
	objects = {

/* Begin PBXBuildFile section */
		722722DD1F4BE33B0061C727 /* AppDelegate.swift in Sources */ = {isa = PBXBuildFile; fileRef = 722722DC1F4BE33B0061C727 /* AppDelegate.swift */; };
		722722E21F4BE33B0061C727 /* Main.storyboard in Resources */ = {isa = PBXBuildFile; fileRef = 722722E01F4BE33B0061C727 /* Main.storyboard */; };
		722722E51F4BE33B0061C727 /* SwiftyCats.xcdatamodeld in Sources */ = {isa = PBXBuildFile; fileRef = 722722E31F4BE33B0061C727 /* SwiftyCats.xcdatamodeld */; };
		722722E71F4BE33B0061C727 /* Assets.xcassets in Resources */ = {isa = PBXBuildFile; fileRef = 722722E61F4BE33B0061C727 /* Assets.xcassets */; };
		722722EA1F4BE33B0061C727 /* LaunchScreen.storyboard in Resources */ = {isa = PBXBuildFile; fileRef = 722722E81F4BE33B0061C727 /* LaunchScreen.storyboard */; };
		722722F41F4BE43B0061C727 /* MasterCollectionViewController.swift in Sources */ = {isa = PBXBuildFile; fileRef = 722722F31F4BE43B0061C727 /* MasterCollectionViewController.swift */; };
		722722F61F4BE5320061C727 /* Photo.swift in Sources */ = {isa = PBXBuildFile; fileRef = 722722F51F4BE5320061C727 /* Photo.swift */; };
		722722F81F4BF03E0061C727 /* MyCollectionCell.swift in Sources */ = {isa = PBXBuildFile; fileRef = 722722F71F4BF03E0061C727 /* MyCollectionCell.swift */; };
		722722FA1F4C05170061C727 /* DetailViewController.swift in Sources */ = {isa = PBXBuildFile; fileRef = 722722F91F4C05170061C727 /* DetailViewController.swift */; };
/* End PBXBuildFile section */

/* Begin PBXFileReference section */
		722722D91F4BE33B0061C727 /* SwiftyCats.app */ = {isa = PBXFileReference; explicitFileType = wrapper.application; includeInIndex = 0; path = SwiftyCats.app; sourceTree = BUILT_PRODUCTS_DIR; };
		722722DC1F4BE33B0061C727 /* AppDelegate.swift */ = {isa = PBXFileReference; lastKnownFileType = sourcecode.swift; path = AppDelegate.swift; sourceTree = "<group>"; };
		722722E11F4BE33B0061C727 /* Base */ = {isa = PBXFileReference; lastKnownFileType = file.storyboard; name = Base; path = Base.lproj/Main.storyboard; sourceTree = "<group>"; };
		722722E41F4BE33B0061C727 /* SwiftyCats.xcdatamodel */ = {isa = PBXFileReference; lastKnownFileType = wrapper.xcdatamodel; path = SwiftyCats.xcdatamodel; sourceTree = "<group>"; };
		722722E61F4BE33B0061C727 /* Assets.xcassets */ = {isa = PBXFileReference; lastKnownFileType = folder.assetcatalog; path = Assets.xcassets; sourceTree = "<group>"; };
		722722E91F4BE33B0061C727 /* Base */ = {isa = PBXFileReference; lastKnownFileType = file.storyboard; name = Base; path = Base.lproj/LaunchScreen.storyboard; sourceTree = "<group>"; };
		722722EB1F4BE33B0061C727 /* Info.plist */ = {isa = PBXFileReference; lastKnownFileType = text.plist.xml; path = Info.plist; sourceTree = "<group>"; };
		722722F31F4BE43B0061C727 /* MasterCollectionViewController.swift */ = {isa = PBXFileReference; fileEncoding = 4; lastKnownFileType = sourcecode.swift; path = MasterCollectionViewController.swift; sourceTree = "<group>"; };
		722722F51F4BE5320061C727 /* Photo.swift */ = {isa = PBXFileReference; fileEncoding = 4; lastKnownFileType = sourcecode.swift; path = Photo.swift; sourceTree = "<group>"; };
		722722F71F4BF03E0061C727 /* MyCollectionCell.swift */ = {isa = PBXFileReference; fileEncoding = 4; lastKnownFileType = sourcecode.swift; path = MyCollectionCell.swift; sourceTree = "<group>"; };
		722722F91F4C05170061C727 /* DetailViewController.swift */ = {isa = PBXFileReference; fileEncoding = 4; lastKnownFileType = sourcecode.swift; path = DetailViewController.swift; sourceTree = "<group>"; };
/* End PBXFileReference section */

/* Begin PBXFrameworksBuildPhase section */
		722722D61F4BE33B0061C727 /* Frameworks */ = {
			isa = PBXFrameworksBuildPhase;
			buildActionMask = 2147483647;
			files = (
			);
			runOnlyForDeploymentPostprocessing = 0;
		};
/* End PBXFrameworksBuildPhase section */

/* Begin PBXGroup section */
		722722D01F4BE33B0061C727 = {
			isa = PBXGroup;
			children = (
				722722DB1F4BE33B0061C727 /* SwiftyCats */,
				722722DA1F4BE33B0061C727 /* Products */,
			);
			sourceTree = "<group>";
		};
		722722DA1F4BE33B0061C727 /* Products */ = {
			isa = PBXGroup;
			children = (
				722722D91F4BE33B0061C727 /* SwiftyCats.app */,
			);
			name = Products;
			sourceTree = "<group>";
		};
		722722DB1F4BE33B0061C727 /* SwiftyCats */ = {
			isa = PBXGroup;
			children = (
				722722DC1F4BE33B0061C727 /* AppDelegate.swift */,
				722722F31F4BE43B0061C727 /* MasterCollectionViewController.swift */,
				722722F91F4C05170061C727 /* DetailViewController.swift */,
				722722F71F4BF03E0061C727 /* MyCollectionCell.swift */,
				722722F51F4BE5320061C727 /* Photo.swift */,
				722722E01F4BE33B0061C727 /* Main.storyboard */,
				722722E61F4BE33B0061C727 /* Assets.xcassets */,
				722722E81F4BE33B0061C727 /* LaunchScreen.storyboard */,
				722722EB1F4BE33B0061C727 /* Info.plist */,
				722722E31F4BE33B0061C727 /* SwiftyCats.xcdatamodeld */,
			);
			path = SwiftyCats;
			sourceTree = "<group>";
		};
/* End PBXGroup section */

/* Begin PBXNativeTarget section */
		722722D81F4BE33B0061C727 /* SwiftyCats */ = {
			isa = PBXNativeTarget;
			buildConfigurationList = 722722EE1F4BE33B0061C727 /* Build configuration list for PBXNativeTarget "SwiftyCats" */;
			buildPhases = (
				722722D51F4BE33B0061C727 /* Sources */,
				722722D61F4BE33B0061C727 /* Frameworks */,
				722722D71F4BE33B0061C727 /* Resources */,
			);
			buildRules = (
			);
			dependencies = (
			);
			name = SwiftyCats;
			productName = SwiftyCats;
			productReference = 722722D91F4BE33B0061C727 /* SwiftyCats.app */;
			productType = "com.apple.product-type.application";
		};
/* End PBXNativeTarget section */

/* Begin PBXProject section */
		722722D11F4BE33B0061C727 /* Project object */ = {
			isa = PBXProject;
			attributes = {
				LastSwiftUpdateCheck = 0830;
				LastUpgradeCheck = 0830;
				ORGANIZATIONNAME = Hirad;
				TargetAttributes = {
					722722D81F4BE33B0061C727 = {
						CreatedOnToolsVersion = 8.3.2;
						DevelopmentTeam = 4RY874B8U2;
						ProvisioningStyle = Automatic;
					};
				};
			};
			buildConfigurationList = 722722D41F4BE33B0061C727 /* Build configuration list for PBXProject "SwiftyCats" */;
			compatibilityVersion = "Xcode 3.2";
			developmentRegion = English;
			hasScannedForEncodings = 0;
			knownRegions = (
				en,
				Base,
			);
			mainGroup = 722722D01F4BE33B0061C727;
			productRefGroup = 722722DA1F4BE33B0061C727 /* Products */;
			projectDirPath = "";
			projectRoot = "";
			targets = (
				722722D81F4BE33B0061C727 /* SwiftyCats */,
			);
		};
/* End PBXProject section */

/* Begin PBXResourcesBuildPhase section */
		722722D71F4BE33B0061C727 /* Resources */ = {
			isa = PBXResourcesBuildPhase;
			buildActionMask = 2147483647;
			files = (
				722722EA1F4BE33B0061C727 /* LaunchScreen.storyboard in Resources */,
				722722E71F4BE33B0061C727 /* Assets.xcassets in Resources */,
				722722E21F4BE33B0061C727 /* Main.storyboard in Resources */,
			);
			runOnlyForDeploymentPostprocessing = 0;
		};
/* End PBXResourcesBuildPhase section */

/* Begin PBXSourcesBuildPhase section */
		722722D51F4BE33B0061C727 /* Sources */ = {
			isa = PBXSourcesBuildPhase;
			buildActionMask = 2147483647;
			files = (
				722722F61F4BE5320061C727 /* Photo.swift in Sources */,
				722722E51F4BE33B0061C727 /* SwiftyCats.xcdatamodeld in Sources */,
				722722DD1F4BE33B0061C727 /* AppDelegate.swift in Sources */,
				722722F41F4BE43B0061C727 /* MasterCollectionViewController.swift in Sources */,
				722722F81F4BF03E0061C727 /* MyCollectionCell.swift in Sources */,
				722722FA1F4C05170061C727 /* DetailViewController.swift in Sources */,
			);
			runOnlyForDeploymentPostprocessing = 0;
		};
/* End PBXSourcesBuildPhase section */

/* Begin PBXVariantGroup section */
		722722E01F4BE33B0061C727 /* Main.storyboard */ = {
			isa = PBXVariantGroup;
			children = (
				722722E11F4BE33B0061C727 /* Base */,
			);
			name = Main.storyboard;
			sourceTree = "<group>";
		};
		722722E81F4BE33B0061C727 /* LaunchScreen.storyboard */ = {
			isa = PBXVariantGroup;
			children = (
				722722E91F4BE33B0061C727 /* Base */,
			);
			name = LaunchScreen.storyboard;
			sourceTree = "<group>";
		};
/* End PBXVariantGroup section */

/* Begin XCBuildConfiguration section */
		722722EC1F4BE33B0061C727 /* Debug */ = {
			isa = XCBuildConfiguration;
			buildSettings = {
				ALWAYS_SEARCH_USER_PATHS = NO;
				CLANG_ANALYZER_NONNULL = YES;
				CLANG_ANALYZER_NUMBER_OBJECT_CONVERSION = YES_AGGRESSIVE;
				CLANG_CXX_LANGUAGE_STANDARD = "gnu++0x";
				CLANG_CXX_LIBRARY = "libc++";
				CLANG_ENABLE_MODULES = YES;
				CLANG_ENABLE_OBJC_ARC = YES;
				CLANG_WARN_BOOL_CONVERSION = YES;
				CLANG_WARN_CONSTANT_CONVERSION = YES;
				CLANG_WARN_DIRECT_OBJC_ISA_USAGE = YES_ERROR;
				CLANG_WARN_DOCUMENTATION_COMMENTS = YES;
				CLANG_WARN_EMPTY_BODY = YES;
				CLANG_WARN_ENUM_CONVERSION = YES;
				CLANG_WARN_INFINITE_RECURSION = YES;
				CLANG_WARN_INT_CONVERSION = YES;
				CLANG_WARN_OBJC_ROOT_CLASS = YES_ERROR;
				CLANG_WARN_SUSPICIOUS_MOVE = YES;
				CLANG_WARN_UNREACHABLE_CODE = YES;
				CLANG_WARN__DUPLICATE_METHOD_MATCH = YES;
				"CODE_SIGN_IDENTITY[sdk=iphoneos*]" = "iPhone Developer";
				COPY_PHASE_STRIP = NO;
				DEBUG_INFORMATION_FORMAT = dwarf;
				ENABLE_STRICT_OBJC_MSGSEND = YES;
				ENABLE_TESTABILITY = YES;
				GCC_C_LANGUAGE_STANDARD = gnu99;
				GCC_DYNAMIC_NO_PIC = NO;
				GCC_NO_COMMON_BLOCKS = YES;
				GCC_OPTIMIZATION_LEVEL = 0;
				GCC_PREPROCESSOR_DEFINITIONS = (
					"DEBUG=1",
					"$(inherited)",
				);
				GCC_WARN_64_TO_32_BIT_CONVERSION = YES;
				GCC_WARN_ABOUT_RETURN_TYPE = YES_ERROR;
				GCC_WARN_UNDECLARED_SELECTOR = YES;
				GCC_WARN_UNINITIALIZED_AUTOS = YES_AGGRESSIVE;
				GCC_WARN_UNUSED_FUNCTION = YES;
				GCC_WARN_UNUSED_VARIABLE = YES;
				IPHONEOS_DEPLOYMENT_TARGET = 10.3;
				MTL_ENABLE_DEBUG_INFO = YES;
				ONLY_ACTIVE_ARCH = YES;
				SDKROOT = iphoneos;
				SWIFT_ACTIVE_COMPILATION_CONDITIONS = DEBUG;
				SWIFT_OPTIMIZATION_LEVEL = "-Onone";
				TARGETED_DEVICE_FAMILY = "1,2";
			};
			name = Debug;
		};
		722722ED1F4BE33B0061C727 /* Release */ = {
			isa = XCBuildConfiguration;
			buildSettings = {
				ALWAYS_SEARCH_USER_PATHS = NO;
				CLANG_ANALYZER_NONNULL = YES;
				CLANG_ANALYZER_NUMBER_OBJECT_CONVERSION = YES_AGGRESSIVE;
				CLANG_CXX_LANGUAGE_STANDARD = "gnu++0x";
				CLANG_CXX_LIBRARY = "libc++";
				CLANG_ENABLE_MODULES = YES;
				CLANG_ENABLE_OBJC_ARC = YES;
				CLANG_WARN_BOOL_CONVERSION = YES;
				CLANG_WARN_CONSTANT_CONVERSION = YES;
				CLANG_WARN_DIRECT_OBJC_ISA_USAGE = YES_ERROR;
				CLANG_WARN_DOCUMENTATION_COMMENTS = YES;
				CLANG_WARN_EMPTY_BODY = YES;
				CLANG_WARN_ENUM_CONVERSION = YES;
				CLANG_WARN_INFINITE_RECURSION = YES;
				CLANG_WARN_INT_CONVERSION = YES;
				CLANG_WARN_OBJC_ROOT_CLASS = YES_ERROR;
				CLANG_WARN_SUSPICIOUS_MOVE = YES;
				CLANG_WARN_UNREACHABLE_CODE = YES;
				CLANG_WARN__DUPLICATE_METHOD_MATCH = YES;
				"CODE_SIGN_IDENTITY[sdk=iphoneos*]" = "iPhone Developer";
				COPY_PHASE_STRIP = NO;
				DEBUG_INFORMATION_FORMAT = "dwarf-with-dsym";
				ENABLE_NS_ASSERTIONS = NO;
				ENABLE_STRICT_OBJC_MSGSEND = YES;
				GCC_C_LANGUAGE_STANDARD = gnu99;
				GCC_NO_COMMON_BLOCKS = YES;
				GCC_WARN_64_TO_32_BIT_CONVERSION = YES;
				GCC_WARN_ABOUT_RETURN_TYPE = YES_ERROR;
				GCC_WARN_UNDECLARED_SELECTOR = YES;
				GCC_WARN_UNINITIALIZED_AUTOS = YES_AGGRESSIVE;
				GCC_WARN_UNUSED_FUNCTION = YES;
				GCC_WARN_UNUSED_VARIABLE = YES;
				IPHONEOS_DEPLOYMENT_TARGET = 10.3;
				MTL_ENABLE_DEBUG_INFO = NO;
				SDKROOT = iphoneos;
				SWIFT_OPTIMIZATION_LEVEL = "-Owholemodule";
				TARGETED_DEVICE_FAMILY = "1,2";
				VALIDATE_PRODUCT = YES;
			};
			name = Release;
		};
		722722EF1F4BE33B0061C727 /* Debug */ = {
			isa = XCBuildConfiguration;
			buildSettings = {
				ASSETCATALOG_COMPILER_APPICON_NAME = AppIcon;
				DEVELOPMENT_TEAM = 4RY874B8U2;
				INFOPLIST_FILE = SwiftyCats/Info.plist;
				LD_RUNPATH_SEARCH_PATHS = "$(inherited) @executable_path/Frameworks";
				PRODUCT_BUNDLE_IDENTIFIER = com.Hirad.SwiftyCats;
				PRODUCT_NAME = "$(TARGET_NAME)";
				SWIFT_VERSION = 3.0;
			};
			name = Debug;
		};
		722722F01F4BE33B0061C727 /* Release */ = {
			isa = XCBuildConfiguration;
			buildSettings = {
				ASSETCATALOG_COMPILER_APPICON_NAME = AppIcon;
				DEVELOPMENT_TEAM = 4RY874B8U2;
				INFOPLIST_FILE = SwiftyCats/Info.plist;
				LD_RUNPATH_SEARCH_PATHS = "$(inherited) @executable_path/Frameworks";
				PRODUCT_BUNDLE_IDENTIFIER = com.Hirad.SwiftyCats;
				PRODUCT_NAME = "$(TARGET_NAME)";
				SWIFT_VERSION = 3.0;
			};
			name = Release;
		};
/* End XCBuildConfiguration section */

/* Begin XCConfigurationList section */
		722722D41F4BE33B0061C727 /* Build configuration list for PBXProject "SwiftyCats" */ = {
			isa = XCConfigurationList;
			buildConfigurations = (
				722722EC1F4BE33B0061C727 /* Debug */,
				722722ED1F4BE33B0061C727 /* Release */,
			);
			defaultConfigurationIsVisible = 0;
			defaultConfigurationName = Release;
		};
		722722EE1F4BE33B0061C727 /* Build configuration list for PBXNativeTarget "SwiftyCats" */ = {
			isa = XCConfigurationList;
			buildConfigurations = (
				722722EF1F4BE33B0061C727 /* Debug */,
				722722F01F4BE33B0061C727 /* Release */,
			);
			defaultConfigurationIsVisible = 0;
		};
/* End XCConfigurationList section */

/* Begin XCVersionGroup section */
		722722E31F4BE33B0061C727 /* SwiftyCats.xcdatamodeld */ = {
			isa = XCVersionGroup;
			children = (
				722722E41F4BE33B0061C727 /* SwiftyCats.xcdatamodel */,
			);
			currentVersion = 722722E41F4BE33B0061C727 /* SwiftyCats.xcdatamodel */;
			path = SwiftyCats.xcdatamodeld;
			sourceTree = "<group>";
			versionGroupType = wrapper.xcdatamodel;
		};
/* End XCVersionGroup section */
	};
	rootObject = 722722D11F4BE33B0061C727 /* Project object */;
}
